
Microsoft Visual Studio Solution File, Format Version 12.00
# Visual Studio Version 17
VisualStudioVersion = 17.5.33424.131
MinimumVisualStudioVersion = 10.0.40219.1
Project("{FAE04EC0-301F-11D3-BF4B-00C04F79EFBC}") = "Assembly.Cinema.ConsoleApp", "Assembly.Cinema.ConsoleApp\Assembly.Cinema.ConsoleApp.csproj", "{54C222C2-E09C-4D8F-8631-B3830334C4B3}"
EndProject
Project("{FAE04EC0-301F-11D3-BF4B-00C04F79EFBC}") = "Cinema.Domain", "Cinema.Domain\Cinema.Domain.csproj", "{4425565D-F88B-475A-8C87-23D58472C9E5}"
EndProject
Global
	GlobalSection(SolutionConfigurationPlatforms) = preSolution
		Debug|Any CPU = Debug|Any CPU
		Release|Any CPU = Release|Any CPU
	EndGlobalSection
	GlobalSection(ProjectConfigurationPlatforms) = postSolution
		{54C222C2-E09C-4D8F-8631-B3830334C4B3}.Debug|Any CPU.ActiveCfg = Debug|Any CPU
		{54C222C2-E09C-4D8F-8631-B3830334C4B3}.Debug|Any CPU.Build.0 = Debug|Any CPU
		{54C222C2-E09C-4D8F-8631-B3830334C4B3}.Release|Any CPU.ActiveCfg = Release|Any CPU
		{54C222C2-E09C-4D8F-8631-B3830334C4B3}.Release|Any CPU.Build.0 = Release|Any CPU
		{4425565D-F88B-475A-8C87-23D58472C9E5}.Debug|Any CPU.ActiveCfg = Debug|Any CPU
		{4425565D-F88B-475A-8C87-23D58472C9E5}.Debug|Any CPU.Build.0 = Debug|Any CPU
		{4425565D-F88B-475A-8C87-23D58472C9E5}.Release|Any CPU.ActiveCfg = Release|Any CPU
		{4425565D-F88B-475A-8C87-23D58472C9E5}.Release|Any CPU.Build.0 = Release|Any CPU
	EndGlobalSection
	GlobalSection(SolutionProperties) = preSolution
		HideSolutionNode = FALSE
	EndGlobalSection
	GlobalSection(ExtensibilityGlobals) = postSolution
		SolutionGuid = {2A7197A5-F6DF-4219-8702-BCFDEF84C624}
	EndGlobalSection
EndGlobal
